
Microsoft Visual Studio Solution File, Format Version 12.00
# Visual Studio Version 17
VisualStudioVersion = 17.9.34728.123
MinimumVisualStudioVersion = 10.0.40219.1
Project("{FAE04EC0-301F-11D3-BF4B-00C04F79EFBC}") = "DBBank", "DBBank\DBBank.csproj", "{FAC1BFF6-C7B9-4201-B027-21B4D6450C83}"
EndProject
Global
	GlobalSection(SolutionConfigurationPlatforms) = preSolution
		Debug|Any CPU = Debug|Any CPU
		Release|Any CPU = Release|Any CPU
	EndGlobalSection
	GlobalSection(ProjectConfigurationPlatforms) = postSolution
		{FAC1BFF6-C7B9-4201-B027-21B4D6450C83}.Debug|Any CPU.ActiveCfg = Debug|Any CPU
		{FAC1BFF6-C7B9-4201-B027-21B4D6450C83}.Debug|Any CPU.Build.0 = Debug|Any CPU
		{FAC1BFF6-C7B9-4201-B027-21B4D6450C83}.Release|Any CPU.ActiveCfg = Release|Any CPU
		{FAC1BFF6-C7B9-4201-B027-21B4D6450C83}.Release|Any CPU.Build.0 = Release|Any CPU
	EndGlobalSection
	GlobalSection(SolutionProperties) = preSolution
		HideSolutionNode = FALSE
	EndGlobalSection
	GlobalSection(ExtensibilityGlobals) = postSolution
		SolutionGuid = {CDD67311-BBB2-48A0-B25B-F2D8AA1398E0}
	EndGlobalSection
EndGlobal
